// !$*UTF8*$!
{
	archiveVersion = 1;
	classes = {
	};
	objectVersion = 50;
	objects = {

/* Begin PBXBuildFile section */
		9BAE5C0D260E1073002A3AF6 /* AppDelegate.swift in Sources */ = {isa = PBXBuildFile; fileRef = 9BAE5C0C260E1073002A3AF6 /* AppDelegate.swift */; };
		9BAE5C11260E1073002A3AF6 /* ViewController.swift in Sources */ = {isa = PBXBuildFile; fileRef = 9BAE5C10260E1073002A3AF6 /* ViewController.swift */; };
		9BAE5C14260E1073002A3AF6 /* Main.storyboard in Resources */ = {isa = PBXBuildFile; fileRef = 9BAE5C12260E1073002A3AF6 /* Main.storyboard */; };
		9BAE5C16260E1076002A3AF6 /* Assets.xcassets in Resources */ = {isa = PBXBuildFile; fileRef = 9BAE5C15260E1076002A3AF6 /* Assets.xcassets */; };
		9BAE5C19260E1076002A3AF6 /* LaunchScreen.storyboard in Resources */ = {isa = PBXBuildFile; fileRef = 9BAE5C17260E1076002A3AF6 /* LaunchScreen.storyboard */; };
		F4FB9A13D5D04195772A6A3F /* Pods_SampleApp.framework in Frameworks */ = {isa = PBXBuildFile; fileRef = 04E6011968418B5AAD7468FA /* Pods_SampleApp.framework */; };
/* End PBXBuildFile section */

/* Begin PBXFileReference section */
		04E6011968418B5AAD7468FA /* Pods_SampleApp.framework */ = {isa = PBXFileReference; explicitFileType = wrapper.framework; includeInIndex = 0; path = Pods_SampleApp.framework; sourceTree = BUILT_PRODUCTS_DIR; };
		15D8BC5509670E9F247AD154 /* Pods-SampleApp.debug.xcconfig */ = {isa = PBXFileReference; includeInIndex = 1; lastKnownFileType = text.xcconfig; name = "Pods-SampleApp.debug.xcconfig"; path = "Target Support Files/Pods-SampleApp/Pods-SampleApp.debug.xcconfig"; sourceTree = "<group>"; };
		76B3558AB788639180261783 /* Pods-SampleApp.release.xcconfig */ = {isa = PBXFileReference; includeInIndex = 1; lastKnownFileType = text.xcconfig; name = "Pods-SampleApp.release.xcconfig"; path = "Target Support Files/Pods-SampleApp/Pods-SampleApp.release.xcconfig"; sourceTree = "<group>"; };
		9BAE5C09260E1073002A3AF6 /* SampleApp.app */ = {isa = PBXFileReference; explicitFileType = wrapper.application; includeInIndex = 0; path = SampleApp.app; sourceTree = BUILT_PRODUCTS_DIR; };
		9BAE5C0C260E1073002A3AF6 /* AppDelegate.swift */ = {isa = PBXFileReference; lastKnownFileType = sourcecode.swift; path = AppDelegate.swift; sourceTree = "<group>"; };
		9BAE5C10260E1073002A3AF6 /* ViewController.swift */ = {isa = PBXFileReference; lastKnownFileType = sourcecode.swift; path = ViewController.swift; sourceTree = "<group>"; };
		9BAE5C13260E1073002A3AF6 /* Base */ = {isa = PBXFileReference; lastKnownFileType = file.storyboard; name = Base; path = Base.lproj/Main.storyboard; sourceTree = "<group>"; };
		9BAE5C15260E1076002A3AF6 /* Assets.xcassets */ = {isa = PBXFileReference; lastKnownFileType = folder.assetcatalog; path = Assets.xcassets; sourceTree = "<group>"; };
		9BAE5C18260E1076002A3AF6 /* Base */ = {isa = PBXFileReference; lastKnownFileType = file.storyboard; name = Base; path = Base.lproj/LaunchScreen.storyboard; sourceTree = "<group>"; };
		9BAE5C1A260E1076002A3AF6 /* Info.plist */ = {isa = PBXFileReference; lastKnownFileType = text.plist.xml; path = Info.plist; sourceTree = "<group>"; };
/* End PBXFileReference section */

/* Begin PBXFrameworksBuildPhase section */
		9BAE5C06260E1073002A3AF6 /* Frameworks */ = {
			isa = PBXFrameworksBuildPhase;
			buildActionMask = 2147483647;
			files = (
				F4FB9A13D5D04195772A6A3F /* Pods_SampleApp.framework in Frameworks */,
			);
			runOnlyForDeploymentPostprocessing = 0;
		};
/* End PBXFrameworksBuildPhase section */

/* Begin PBXGroup section */
		1151D79B1F0D42C0547D1C86 /* Frameworks */ = {
			isa = PBXGroup;
			children = (
				04E6011968418B5AAD7468FA /* Pods_SampleApp.framework */,
			);
			name = Frameworks;
			sourceTree = "<group>";
		};
		9BAE5C00260E1073002A3AF6 = {
			isa = PBXGroup;
			children = (
				9BAE5C0B260E1073002A3AF6 /* SampleApp */,
				9BAE5C0A260E1073002A3AF6 /* Products */,
				CE8D01DC9B5A94FC5B38DFA7 /* Pods */,
				1151D79B1F0D42C0547D1C86 /* Frameworks */,
			);
			sourceTree = "<group>";
		};
		9BAE5C0A260E1073002A3AF6 /* Products */ = {
			isa = PBXGroup;
			children = (
				9BAE5C09260E1073002A3AF6 /* SampleApp.app */,
			);
			name = Products;
			sourceTree = "<group>";
		};
		9BAE5C0B260E1073002A3AF6 /* SampleApp */ = {
			isa = PBXGroup;
			children = (
				9BAE5C0C260E1073002A3AF6 /* AppDelegate.swift */,
				9BAE5C10260E1073002A3AF6 /* ViewController.swift */,
				9BAE5C12260E1073002A3AF6 /* Main.storyboard */,
				9BAE5C15260E1076002A3AF6 /* Assets.xcassets */,
				9BAE5C17260E1076002A3AF6 /* LaunchScreen.storyboard */,
				9BAE5C1A260E1076002A3AF6 /* Info.plist */,
			);
			path = SampleApp;
			sourceTree = "<group>";
		};
		CE8D01DC9B5A94FC5B38DFA7 /* Pods */ = {
			isa = PBXGroup;
			children = (
				15D8BC5509670E9F247AD154 /* Pods-SampleApp.debug.xcconfig */,
				76B3558AB788639180261783 /* Pods-SampleApp.release.xcconfig */,
			);
			name = Pods;
			path = Pods;
			sourceTree = "<group>";
		};
/* End PBXGroup section */

/* Begin PBXNativeTarget section */
		9BAE5C08260E1073002A3AF6 /* SampleApp */ = {
			isa = PBXNativeTarget;
			buildConfigurationList = 9BAE5C1D260E1076002A3AF6 /* Build configuration list for PBXNativeTarget "SampleApp" */;
			buildPhases = (
				036575E5586CDFFC64C2180D /* [CP] Check Pods Manifest.lock */,
				9BAE5C05260E1073002A3AF6 /* Sources */,
				9BAE5C06260E1073002A3AF6 /* Frameworks */,
				9BAE5C07260E1073002A3AF6 /* Resources */,
				D781B7393EB0200804FB4E26 /* [CP] Embed Pods Frameworks */,
			);
			buildRules = (
			);
			dependencies = (
			);
			name = SampleApp;
			productName = SampleApp;
			productReference = 9BAE5C09260E1073002A3AF6 /* SampleApp.app */;
			productType = "com.apple.product-type.application";
		};
/* End PBXNativeTarget section */

/* Begin PBXProject section */
		9BAE5C01260E1073002A3AF6 /* Project object */ = {
			isa = PBXProject;
			attributes = {
				LastSwiftUpdateCheck = 1240;
				LastUpgradeCheck = 1240;
				TargetAttributes = {
					9BAE5C08260E1073002A3AF6 = {
						CreatedOnToolsVersion = 12.4;
					};
				};
			};
			buildConfigurationList = 9BAE5C04260E1073002A3AF6 /* Build configuration list for PBXProject "SampleApp" */;
			compatibilityVersion = "Xcode 9.3";
			developmentRegion = en;
			hasScannedForEncodings = 0;
			knownRegions = (
				en,
				Base,
			);
			mainGroup = 9BAE5C00260E1073002A3AF6;
			productRefGroup = 9BAE5C0A260E1073002A3AF6 /* Products */;
			projectDirPath = "";
			projectRoot = "";
			targets = (
				9BAE5C08260E1073002A3AF6 /* SampleApp */,
			);
		};
/* End PBXProject section */

/* Begin PBXResourcesBuildPhase section */
		9BAE5C07260E1073002A3AF6 /* Resources */ = {
			isa = PBXResourcesBuildPhase;
			buildActionMask = 2147483647;
			files = (
				9BAE5C19260E1076002A3AF6 /* LaunchScreen.storyboard in Resources */,
				9BAE5C16260E1076002A3AF6 /* Assets.xcassets in Resources */,
				9BAE5C14260E1073002A3AF6 /* Main.storyboard in Resources */,
			);
			runOnlyForDeploymentPostprocessing = 0;
		};
/* End PBXResourcesBuildPhase section */

/* Begin PBXShellScriptBuildPhase section */
		036575E5586CDFFC64C2180D /* [CP] Check Pods Manifest.lock */ = {
			isa = PBXShellScriptBuildPhase;
			buildActionMask = 2147483647;
			files = (
			);
			inputFileListPaths = (
			);
			inputPaths = (
				"${PODS_PODFILE_DIR_PATH}/Podfile.lock",
				"${PODS_ROOT}/Manifest.lock",
			);
			name = "[CP] Check Pods Manifest.lock";
			outputFileListPaths = (
			);
			outputPaths = (
				"$(DERIVED_FILE_DIR)/Pods-SampleApp-checkManifestLockResult.txt",
			);
			runOnlyForDeploymentPostprocessing = 0;
			shellPath = /bin/sh;
			shellScript = "diff \"${PODS_PODFILE_DIR_PATH}/Podfile.lock\" \"${PODS_ROOT}/Manifest.lock\" > /dev/null\nif [ $? != 0 ] ; then\n    # print error to STDERR\n    echo \"error: The sandbox is not in sync with the Podfile.lock. Run 'pod install' or update your CocoaPods installation.\" >&2\n    exit 1\nfi\n# This output is used by Xcode 'outputs' to avoid re-running this script phase.\necho \"SUCCESS\" > \"${SCRIPT_OUTPUT_FILE_0}\"\n";
			showEnvVarsInLog = 0;
		};
		D781B7393EB0200804FB4E26 /* [CP] Embed Pods Frameworks */ = {
			isa = PBXShellScriptBuildPhase;
			buildActionMask = 2147483647;
			files = (
			);
			inputFileListPaths = (
				"${PODS_ROOT}/Target Support Files/Pods-SampleApp/Pods-SampleApp-frameworks-${CONFIGURATION}-input-files.xcfilelist",
			);
			name = "[CP] Embed Pods Frameworks";
			outputFileListPaths = (
				"${PODS_ROOT}/Target Support Files/Pods-SampleApp/Pods-SampleApp-frameworks-${CONFIGURATION}-output-files.xcfilelist",
			);
			runOnlyForDeploymentPostprocessing = 0;
			shellPath = /bin/sh;
			shellScript = "\"${PODS_ROOT}/Target Support Files/Pods-SampleApp/Pods-SampleApp-frameworks.sh\"\n";
			showEnvVarsInLog = 0;
		};
/* End PBXShellScriptBuildPhase section */

/* Begin PBXSourcesBuildPhase section */
		9BAE5C05260E1073002A3AF6 /* Sources */ = {
			isa = PBXSourcesBuildPhase;
			buildActionMask = 2147483647;
			files = (
				9BAE5C11260E1073002A3AF6 /* ViewController.swift in Sources */,
				9BAE5C0D260E1073002A3AF6 /* AppDelegate.swift in Sources */,
			);
			runOnlyForDeploymentPostprocessing = 0;
		};
/* End PBXSourcesBuildPhase section */

/* Begin PBXVariantGroup section */
		9BAE5C12260E1073002A3AF6 /* Main.storyboard */ = {
			isa = PBXVariantGroup;
			children = (
				9BAE5C13260E1073002A3AF6 /* Base */,
			);
			name = Main.storyboard;
			sourceTree = "<group>";
		};
		9BAE5C17260E1076002A3AF6 /* LaunchScreen.storyboard */ = {
			isa = PBXVariantGroup;
			children = (
				9BAE5C18260E1076002A3AF6 /* Base */,
			);
			name = LaunchScreen.storyboard;
			sourceTree = "<group>";
		};
/* End PBXVariantGroup section */

/* Begin XCBuildConfiguration section */
		9BAE5C1B260E1076002A3AF6 /* Debug */ = {
			isa = XCBuildConfiguration;
			buildSettings = {
				ALWAYS_SEARCH_USER_PATHS = NO;
				CLANG_ANALYZER_NONNULL = YES;
				CLANG_ANALYZER_NUMBER_OBJECT_CONVERSION = YES_AGGRESSIVE;
				CLANG_CXX_LANGUAGE_STANDARD = "gnu++14";
				CLANG_CXX_LIBRARY = "libc++";
				CLANG_ENABLE_MODULES = YES;
				CLANG_ENABLE_OBJC_ARC = YES;
				CLANG_ENABLE_OBJC_WEAK = YES;
				CLANG_WARN_BLOCK_CAPTURE_AUTORELEASING = YES;
				CLANG_WARN_BOOL_CONVERSION = YES;
				CLANG_WARN_COMMA = YES;
				CLANG_WARN_CONSTANT_CONVERSION = YES;
				CLANG_WARN_DEPRECATED_OBJC_IMPLEMENTATIONS = YES;
				CLANG_WARN_DIRECT_OBJC_ISA_USAGE = YES_ERROR;
				CLANG_WARN_DOCUMENTATION_COMMENTS = YES;
				CLANG_WARN_EMPTY_BODY = YES;
				CLANG_WARN_ENUM_CONVERSION = YES;
				CLANG_WARN_INFINITE_RECURSION = YES;
				CLANG_WARN_INT_CONVERSION = YES;
				CLANG_WARN_NON_LITERAL_NULL_CONVERSION = YES;
				CLANG_WARN_OBJC_IMPLICIT_RETAIN_SELF = YES;
				CLANG_WARN_OBJC_LITERAL_CONVERSION = YES;
				CLANG_WARN_OBJC_ROOT_CLASS = YES_ERROR;
				CLANG_WARN_QUOTED_INCLUDE_IN_FRAMEWORK_HEADER = YES;
				CLANG_WARN_RANGE_LOOP_ANALYSIS = YES;
				CLANG_WARN_STRICT_PROTOTYPES = YES;
				CLANG_WARN_SUSPICIOUS_MOVE = YES;
				CLANG_WARN_UNGUARDED_AVAILABILITY = YES_AGGRESSIVE;
				CLANG_WARN_UNREACHABLE_CODE = YES;
				CLANG_WARN__DUPLICATE_METHOD_MATCH = YES;
				COPY_PHASE_STRIP = NO;
				DEBUG_INFORMATION_FORMAT = dwarf;
				ENABLE_STRICT_OBJC_MSGSEND = YES;
				ENABLE_TESTABILITY = YES;
				GCC_C_LANGUAGE_STANDARD = gnu11;
				GCC_DYNAMIC_NO_PIC = NO;
				GCC_NO_COMMON_BLOCKS = YES;
				GCC_OPTIMIZATION_LEVEL = 0;
				GCC_PREPROCESSOR_DEFINITIONS = (
					"DEBUG=1",
					"$(inherited)",
				);
				GCC_WARN_64_TO_32_BIT_CONVERSION = YES;
				GCC_WARN_ABOUT_RETURN_TYPE = YES_ERROR;
				GCC_WARN_UNDECLARED_SELECTOR = YES;
				GCC_WARN_UNINITIALIZED_AUTOS = YES_AGGRESSIVE;
				GCC_WARN_UNUSED_FUNCTION = YES;
				GCC_WARN_UNUSED_VARIABLE = YES;
				IPHONEOS_DEPLOYMENT_TARGET = 14.4;
				MTL_ENABLE_DEBUG_INFO = INCLUDE_SOURCE;
				MTL_FAST_MATH = YES;
				ONLY_ACTIVE_ARCH = YES;
				SDKROOT = iphoneos;
				SWIFT_ACTIVE_COMPILATION_CONDITIONS = DEBUG;
				SWIFT_OPTIMIZATION_LEVEL = "-Onone";
			};
			name = Debug;
		};
		9BAE5C1C260E1076002A3AF6 /* Release */ = {
			isa = XCBuildConfiguration;
			buildSettings = {
				ALWAYS_SEARCH_USER_PATHS = NO;
				CLANG_ANALYZER_NONNULL = YES;
				CLANG_ANALYZER_NUMBER_OBJECT_CONVERSION = YES_AGGRESSIVE;
				CLANG_CXX_LANGUAGE_STANDARD = "gnu++14";
				CLANG_CXX_LIBRARY = "libc++";
				CLANG_ENABLE_MODULES = YES;
				CLANG_ENABLE_OBJC_ARC = YES;
				CLANG_ENABLE_OBJC_WEAK = YES;
				CLANG_WARN_BLOCK_CAPTURE_AUTORELEASING = YES;
				CLANG_WARN_BOOL_CONVERSION = YES;
				CLANG_WARN_COMMA = YES;
				CLANG_WARN_CONSTANT_CONVERSION = YES;
				CLANG_WARN_DEPRECATED_OBJC_IMPLEMENTATIONS = YES;
				CLANG_WARN_DIRECT_OBJC_ISA_USAGE = YES_ERROR;
				CLANG_WARN_DOCUMENTATION_COMMENTS = YES;
				CLANG_WARN_EMPTY_BODY = YES;
				CLANG_WARN_ENUM_CONVERSION = YES;
				CLANG_WARN_INFINITE_RECURSION = YES;
				CLANG_WARN_INT_CONVERSION = YES;
				CLANG_WARN_NON_LITERAL_NULL_CONVERSION = YES;
				CLANG_WARN_OBJC_IMPLICIT_RETAIN_SELF = YES;
				CLANG_WARN_OBJC_LITERAL_CONVERSION = YES;
				CLANG_WARN_OBJC_ROOT_CLASS = YES_ERROR;
				CLANG_WARN_QUOTED_INCLUDE_IN_FRAMEWORK_HEADER = YES;
				CLANG_WARN_RANGE_LOOP_ANALYSIS = YES;
				CLANG_WARN_STRICT_PROTOTYPES = YES;
				CLANG_WARN_SUSPICIOUS_MOVE = YES;
				CLANG_WARN_UNGUARDED_AVAILABILITY = YES_AGGRESSIVE;
				CLANG_WARN_UNREACHABLE_CODE = YES;
				CLANG_WARN__DUPLICATE_METHOD_MATCH = YES;
				COPY_PHASE_STRIP = NO;
				DEBUG_INFORMATION_FORMAT = "dwarf-with-dsym";
				ENABLE_NS_ASSERTIONS = NO;
				ENABLE_STRICT_OBJC_MSGSEND = YES;
				GCC_C_LANGUAGE_STANDARD = gnu11;
				GCC_NO_COMMON_BLOCKS = YES;
				GCC_WARN_64_TO_32_BIT_CONVERSION = YES;
				GCC_WARN_ABOUT_RETURN_TYPE = YES_ERROR;
				GCC_WARN_UNDECLARED_SELECTOR = YES;
				GCC_WARN_UNINITIALIZED_AUTOS = YES_AGGRESSIVE;
				GCC_WARN_UNUSED_FUNCTION = YES;
				GCC_WARN_UNUSED_VARIABLE = YES;
				IPHONEOS_DEPLOYMENT_TARGET = 14.4;
				MTL_ENABLE_DEBUG_INFO = NO;
				MTL_FAST_MATH = YES;
				SDKROOT = iphoneos;
				SWIFT_COMPILATION_MODE = wholemodule;
				SWIFT_OPTIMIZATION_LEVEL = "-O";
				VALIDATE_PRODUCT = YES;
			};
			name = Release;
		};
		9BAE5C1E260E1076002A3AF6 /* Debug */ = {
			isa = XCBuildConfiguration;
			baseConfigurationReference = 15D8BC5509670E9F247AD154 /* Pods-SampleApp.debug.xcconfig */;
			buildSettings = {
				ASSETCATALOG_COMPILER_APPICON_NAME = AppIcon;
				ASSETCATALOG_COMPILER_GLOBAL_ACCENT_COLOR_NAME = AccentColor;
				CODE_SIGN_STYLE = Automatic;
				INFOPLIST_FILE = SampleApp/Info.plist;
				LD_RUNPATH_SEARCH_PATHS = (
					"$(inherited)",
					"@executable_path/Frameworks",
				);
				PRODUCT_BUNDLE_IDENTIFIER = com.example.SampleApp;
				PRODUCT_NAME = "$(TARGET_NAME)";
				SWIFT_VERSION = 5.0;
				TARGETED_DEVICE_FAMILY = "1,2";
			};
			name = Debug;
		};
		9BAE5C1F260E1076002A3AF6 /* Release */ = {
			isa = XCBuildConfiguration;
			baseConfigurationReference = 76B3558AB788639180261783 /* Pods-SampleApp.release.xcconfig */;
			buildSettings = {
				ASSETCATALOG_COMPILER_APPICON_NAME = AppIcon;
				ASSETCATALOG_COMPILER_GLOBAL_ACCENT_COLOR_NAME = AccentColor;
				CODE_SIGN_STYLE = Automatic;
				INFOPLIST_FILE = SampleApp/Info.plist;
				LD_RUNPATH_SEARCH_PATHS = (
					"$(inherited)",
					"@executable_path/Frameworks",
				);
				PRODUCT_BUNDLE_IDENTIFIER = com.example.SampleApp;
				PRODUCT_NAME = "$(TARGET_NAME)";
				SWIFT_VERSION = 5.0;
				TARGETED_DEVICE_FAMILY = "1,2";
			};
			name = Release;
		};
/* End XCBuildConfiguration section */

/* Begin XCConfigurationList section */
		9BAE5C04260E1073002A3AF6 /* Build configuration list for PBXProject "SampleApp" */ = {
			isa = XCConfigurationList;
			buildConfigurations = (
				9BAE5C1B260E1076002A3AF6 /* Debug */,
				9BAE5C1C260E1076002A3AF6 /* Release */,
			);
			defaultConfigurationIsVisible = 0;
			defaultConfigurationName = Release;
		};
		9BAE5C1D260E1076002A3AF6 /* Build configuration list for PBXNativeTarget "SampleApp" */ = {
			isa = XCConfigurationList;
			buildConfigurations = (
				9BAE5C1E260E1076002A3AF6 /* Debug */,
				9BAE5C1F260E1076002A3AF6 /* Release */,
			);
			defaultConfigurationIsVisible = 0;
			defaultConfigurationName = Release;
		};
/* End XCConfigurationList section */
	};
	rootObject = 9BAE5C01260E1073002A3AF6 /* Project object */;
}
